
Microsoft Visual Studio Solution File, Format Version 12.00
# Visual Studio 15
VisualStudioVersion = 15.0.27703.2047
MinimumVisualStudioVersion = 10.0.40219.1
Project("{FAE04EC0-301F-11D3-BF4B-00C04F79EFBC}") = "AnagramChecker", "AnagramChecker\AnagramChecker.csproj", "{6AF63D97-8A0D-479D-AB34-BA9489AED187}"
EndProject
Global
	GlobalSection(SolutionConfigurationPlatforms) = preSolution
		Debug|Any CPU = Debug|Any CPU
		Release|Any CPU = Release|Any CPU
	EndGlobalSection
	GlobalSection(ProjectConfigurationPlatforms) = postSolution
		{6AF63D97-8A0D-479D-AB34-BA9489AED187}.Debug|Any CPU.ActiveCfg = Debug|Any CPU
		{6AF63D97-8A0D-479D-AB34-BA9489AED187}.Debug|Any CPU.Build.0 = Debug|Any CPU
		{6AF63D97-8A0D-479D-AB34-BA9489AED187}.Release|Any CPU.ActiveCfg = Release|Any CPU
		{6AF63D97-8A0D-479D-AB34-BA9489AED187}.Release|Any CPU.Build.0 = Release|Any CPU
	EndGlobalSection
	GlobalSection(SolutionProperties) = preSolution
		HideSolutionNode = FALSE
	EndGlobalSection
	GlobalSection(ExtensibilityGlobals) = postSolution
		SolutionGuid = {950BDD3F-D98B-41B3-AC1D-E0A83C8B436E}
	EndGlobalSection
EndGlobal
